// !$*UTF8*$!
{
	archiveVersion = 1;
	classes = {
	};
	objectVersion = 50;
	objects = {

/* Begin PBXBuildFile section */
		24BD1D7CC55AA5C0762B8D7D /* Pods_Testing2.framework in Frameworks */ = {isa = PBXBuildFile; fileRef = DD2406CAB716C6408E14E732 /* Pods_Testing2.framework */; };
		89303802226793F000303EF9 /* AppDelegate.swift in Sources */ = {isa = PBXBuildFile; fileRef = 89303801226793F000303EF9 /* AppDelegate.swift */; };
		89303804226793F000303EF9 /* ViewController.swift in Sources */ = {isa = PBXBuildFile; fileRef = 89303803226793F000303EF9 /* ViewController.swift */; };
		89303807226793F000303EF9 /* Main.storyboard in Resources */ = {isa = PBXBuildFile; fileRef = 89303805226793F000303EF9 /* Main.storyboard */; };
		89303809226793F100303EF9 /* Assets.xcassets in Resources */ = {isa = PBXBuildFile; fileRef = 89303808226793F100303EF9 /* Assets.xcassets */; };
		8930380C226793F100303EF9 /* LaunchScreen.storyboard in Resources */ = {isa = PBXBuildFile; fileRef = 8930380A226793F100303EF9 /* LaunchScreen.storyboard */; };
		8948D4062267A9D90085CC12 /* dogs.jpg in Resources */ = {isa = PBXBuildFile; fileRef = 8948D4052267A9D90085CC12 /* dogs.jpg */; };
		8948D4082267B8650085CC12 /* test2.png in Resources */ = {isa = PBXBuildFile; fileRef = 8948D4072267B8650085CC12 /* test2.png */; };
		8948D40A2267BE770085CC12 /* test1.png in Resources */ = {isa = PBXBuildFile; fileRef = 8948D4092267BE770085CC12 /* test1.png */; };
/* End PBXBuildFile section */

/* Begin PBXFileReference section */
		13D821DD5CBE126B4C5EA609 /* Pods-Testing2.debug.xcconfig */ = {isa = PBXFileReference; includeInIndex = 1; lastKnownFileType = text.xcconfig; name = "Pods-Testing2.debug.xcconfig"; path = "Target Support Files/Pods-Testing2/Pods-Testing2.debug.xcconfig"; sourceTree = "<group>"; };
		893037FE226793F000303EF9 /* Testing2.app */ = {isa = PBXFileReference; explicitFileType = wrapper.application; includeInIndex = 0; path = Testing2.app; sourceTree = BUILT_PRODUCTS_DIR; };
		89303801226793F000303EF9 /* AppDelegate.swift */ = {isa = PBXFileReference; lastKnownFileType = sourcecode.swift; path = AppDelegate.swift; sourceTree = "<group>"; };
		89303803226793F000303EF9 /* ViewController.swift */ = {isa = PBXFileReference; lastKnownFileType = sourcecode.swift; path = ViewController.swift; sourceTree = "<group>"; };
		89303806226793F000303EF9 /* Base */ = {isa = PBXFileReference; lastKnownFileType = file.storyboard; name = Base; path = Base.lproj/Main.storyboard; sourceTree = "<group>"; };
		89303808226793F100303EF9 /* Assets.xcassets */ = {isa = PBXFileReference; lastKnownFileType = folder.assetcatalog; path = Assets.xcassets; sourceTree = "<group>"; };
		8930380B226793F100303EF9 /* Base */ = {isa = PBXFileReference; lastKnownFileType = file.storyboard; name = Base; path = Base.lproj/LaunchScreen.storyboard; sourceTree = "<group>"; };
		8930380D226793F100303EF9 /* Info.plist */ = {isa = PBXFileReference; lastKnownFileType = text.plist.xml; path = Info.plist; sourceTree = "<group>"; };
		8948D4052267A9D90085CC12 /* dogs.jpg */ = {isa = PBXFileReference; lastKnownFileType = image.jpeg; path = dogs.jpg; sourceTree = "<group>"; };
		8948D4072267B8650085CC12 /* test2.png */ = {isa = PBXFileReference; lastKnownFileType = image.png; path = test2.png; sourceTree = "<group>"; };
		8948D4092267BE770085CC12 /* test1.png */ = {isa = PBXFileReference; lastKnownFileType = image.png; path = test1.png; sourceTree = "<group>"; };
		DD2406CAB716C6408E14E732 /* Pods_Testing2.framework */ = {isa = PBXFileReference; explicitFileType = wrapper.framework; includeInIndex = 0; path = Pods_Testing2.framework; sourceTree = BUILT_PRODUCTS_DIR; };
		E5AD655DB6033A44BDB3EFCE /* Pods-Testing2.release.xcconfig */ = {isa = PBXFileReference; includeInIndex = 1; lastKnownFileType = text.xcconfig; name = "Pods-Testing2.release.xcconfig"; path = "Target Support Files/Pods-Testing2/Pods-Testing2.release.xcconfig"; sourceTree = "<group>"; };
/* End PBXFileReference section */

/* Begin PBXFrameworksBuildPhase section */
		893037FB226793F000303EF9 /* Frameworks */ = {
			isa = PBXFrameworksBuildPhase;
			buildActionMask = 2147483647;
			files = (
				24BD1D7CC55AA5C0762B8D7D /* Pods_Testing2.framework in Frameworks */,
			);
			runOnlyForDeploymentPostprocessing = 0;
		};
/* End PBXFrameworksBuildPhase section */

/* Begin PBXGroup section */
		643DEDDAC2C1726D8BD0B16E /* Pods */ = {
			isa = PBXGroup;
			children = (
				13D821DD5CBE126B4C5EA609 /* Pods-Testing2.debug.xcconfig */,
				E5AD655DB6033A44BDB3EFCE /* Pods-Testing2.release.xcconfig */,
			);
			path = Pods;
			sourceTree = "<group>";
		};
		893037F5226793F000303EF9 = {
			isa = PBXGroup;
			children = (
				89303800226793F000303EF9 /* Testing2 */,
				893037FF226793F000303EF9 /* Products */,
				643DEDDAC2C1726D8BD0B16E /* Pods */,
				AD52CFC5DECDFF350E0C4632 /* Frameworks */,
			);
			sourceTree = "<group>";
		};
		893037FF226793F000303EF9 /* Products */ = {
			isa = PBXGroup;
			children = (
				893037FE226793F000303EF9 /* Testing2.app */,
			);
			name = Products;
			sourceTree = "<group>";
		};
		89303800226793F000303EF9 /* Testing2 */ = {
			isa = PBXGroup;
			children = (
				8948D4092267BE770085CC12 /* test1.png */,
				8948D4072267B8650085CC12 /* test2.png */,
				89303801226793F000303EF9 /* AppDelegate.swift */,
				89303803226793F000303EF9 /* ViewController.swift */,
				89303805226793F000303EF9 /* Main.storyboard */,
				89303808226793F100303EF9 /* Assets.xcassets */,
				8948D4052267A9D90085CC12 /* dogs.jpg */,
				8930380A226793F100303EF9 /* LaunchScreen.storyboard */,
				8930380D226793F100303EF9 /* Info.plist */,
			);
			path = Testing2;
			sourceTree = "<group>";
		};
		AD52CFC5DECDFF350E0C4632 /* Frameworks */ = {
			isa = PBXGroup;
			children = (
				DD2406CAB716C6408E14E732 /* Pods_Testing2.framework */,
			);
			name = Frameworks;
			sourceTree = "<group>";
		};
/* End PBXGroup section */

/* Begin PBXNativeTarget section */
		893037FD226793F000303EF9 /* Testing2 */ = {
			isa = PBXNativeTarget;
			buildConfigurationList = 89303810226793F100303EF9 /* Build configuration list for PBXNativeTarget "Testing2" */;
			buildPhases = (
				95614166E962CA13546F6F8C /* [CP] Check Pods Manifest.lock */,
				893037FA226793F000303EF9 /* Sources */,
				893037FB226793F000303EF9 /* Frameworks */,
				893037FC226793F000303EF9 /* Resources */,
				D9BC798CEAC7CF8F9EDBFEC3 /* [CP] Embed Pods Frameworks */,
			);
			buildRules = (
			);
			dependencies = (
			);
			name = Testing2;
			productName = Testing2;
			productReference = 893037FE226793F000303EF9 /* Testing2.app */;
			productType = "com.apple.product-type.application";
		};
/* End PBXNativeTarget section */

/* Begin PBXProject section */
		893037F6226793F000303EF9 /* Project object */ = {
			isa = PBXProject;
			attributes = {
				LastSwiftUpdateCheck = 1020;
				LastUpgradeCheck = 1020;
				ORGANIZATIONNAME = "Alsahlani, Yassin K";
				TargetAttributes = {
					893037FD226793F000303EF9 = {
						CreatedOnToolsVersion = 10.2;
					};
				};
			};
			buildConfigurationList = 893037F9226793F000303EF9 /* Build configuration list for PBXProject "Testing2" */;
			compatibilityVersion = "Xcode 9.3";
			developmentRegion = en;
			hasScannedForEncodings = 0;
			knownRegions = (
				en,
				Base,
			);
			mainGroup = 893037F5226793F000303EF9;
			productRefGroup = 893037FF226793F000303EF9 /* Products */;
			projectDirPath = "";
			projectRoot = "";
			targets = (
				893037FD226793F000303EF9 /* Testing2 */,
			);
		};
/* End PBXProject section */

/* Begin PBXResourcesBuildPhase section */
		893037FC226793F000303EF9 /* Resources */ = {
			isa = PBXResourcesBuildPhase;
			buildActionMask = 2147483647;
			files = (
				8948D4062267A9D90085CC12 /* dogs.jpg in Resources */,
				8948D4082267B8650085CC12 /* test2.png in Resources */,
				8930380C226793F100303EF9 /* LaunchScreen.storyboard in Resources */,
				89303809226793F100303EF9 /* Assets.xcassets in Resources */,
				89303807226793F000303EF9 /* Main.storyboard in Resources */,
				8948D40A2267BE770085CC12 /* test1.png in Resources */,
			);
			runOnlyForDeploymentPostprocessing = 0;
		};
/* End PBXResourcesBuildPhase section */

/* Begin PBXShellScriptBuildPhase section */
		95614166E962CA13546F6F8C /* [CP] Check Pods Manifest.lock */ = {
			isa = PBXShellScriptBuildPhase;
			buildActionMask = 2147483647;
			files = (
			);
			inputFileListPaths = (
			);
			inputPaths = (
				"${PODS_PODFILE_DIR_PATH}/Podfile.lock",
				"${PODS_ROOT}/Manifest.lock",
			);
			name = "[CP] Check Pods Manifest.lock";
			outputFileListPaths = (
			);
			outputPaths = (
				"$(DERIVED_FILE_DIR)/Pods-Testing2-checkManifestLockResult.txt",
			);
			runOnlyForDeploymentPostprocessing = 0;
			shellPath = /bin/sh;
			shellScript = "diff \"${PODS_PODFILE_DIR_PATH}/Podfile.lock\" \"${PODS_ROOT}/Manifest.lock\" > /dev/null\nif [ $? != 0 ] ; then\n    # print error to STDERR\n    echo \"error: The sandbox is not in sync with the Podfile.lock. Run 'pod install' or update your CocoaPods installation.\" >&2\n    exit 1\nfi\n# This output is used by Xcode 'outputs' to avoid re-running this script phase.\necho \"SUCCESS\" > \"${SCRIPT_OUTPUT_FILE_0}\"\n";
			showEnvVarsInLog = 0;
		};
		D9BC798CEAC7CF8F9EDBFEC3 /* [CP] Embed Pods Frameworks */ = {
			isa = PBXShellScriptBuildPhase;
			buildActionMask = 2147483647;
			files = (
			);
			inputFileListPaths = (
			);
			inputPaths = (
				"${PODS_ROOT}/Target Support Files/Pods-Testing2/Pods-Testing2-frameworks.sh",
				"${BUILT_PRODUCTS_DIR}/EasyImagy/EasyImagy.framework",
				"${BUILT_PRODUCTS_DIR}/Simplifier/Simplifier.framework",
				"${BUILT_PRODUCTS_DIR}/Testing/Testing.framework",
			);
			name = "[CP] Embed Pods Frameworks";
			outputFileListPaths = (
			);
			outputPaths = (
				"${TARGET_BUILD_DIR}/${FRAMEWORKS_FOLDER_PATH}/EasyImagy.framework",
				"${TARGET_BUILD_DIR}/${FRAMEWORKS_FOLDER_PATH}/Simplifier.framework",
				"${TARGET_BUILD_DIR}/${FRAMEWORKS_FOLDER_PATH}/Testing.framework",
			);
			runOnlyForDeploymentPostprocessing = 0;
			shellPath = /bin/sh;
			shellScript = "\"${PODS_ROOT}/Target Support Files/Pods-Testing2/Pods-Testing2-frameworks.sh\"\n";
			showEnvVarsInLog = 0;
		};
/* End PBXShellScriptBuildPhase section */

/* Begin PBXSourcesBuildPhase section */
		893037FA226793F000303EF9 /* Sources */ = {
			isa = PBXSourcesBuildPhase;
			buildActionMask = 2147483647;
			files = (
				89303804226793F000303EF9 /* ViewController.swift in Sources */,
				89303802226793F000303EF9 /* AppDelegate.swift in Sources */,
			);
			runOnlyForDeploymentPostprocessing = 0;
		};
/* End PBXSourcesBuildPhase section */

/* Begin PBXVariantGroup section */
		89303805226793F000303EF9 /* Main.storyboard */ = {
			isa = PBXVariantGroup;
			children = (
				89303806226793F000303EF9 /* Base */,
			);
			name = Main.storyboard;
			sourceTree = "<group>";
		};
		8930380A226793F100303EF9 /* LaunchScreen.storyboard */ = {
			isa = PBXVariantGroup;
			children = (
				8930380B226793F100303EF9 /* Base */,
			);
			name = LaunchScreen.storyboard;
			sourceTree = "<group>";
		};
/* End PBXVariantGroup section */

/* Begin XCBuildConfiguration section */
		8930380E226793F100303EF9 /* Debug */ = {
			isa = XCBuildConfiguration;
			buildSettings = {
				ALWAYS_SEARCH_USER_PATHS = NO;
				CLANG_ANALYZER_NONNULL = YES;
				CLANG_ANALYZER_NUMBER_OBJECT_CONVERSION = YES_AGGRESSIVE;
				CLANG_CXX_LANGUAGE_STANDARD = "gnu++14";
				CLANG_CXX_LIBRARY = "libc++";
				CLANG_ENABLE_MODULES = YES;
				CLANG_ENABLE_OBJC_ARC = YES;
				CLANG_ENABLE_OBJC_WEAK = YES;
				CLANG_WARN_BLOCK_CAPTURE_AUTORELEASING = YES;
				CLANG_WARN_BOOL_CONVERSION = YES;
				CLANG_WARN_COMMA = YES;
				CLANG_WARN_CONSTANT_CONVERSION = YES;
				CLANG_WARN_DEPRECATED_OBJC_IMPLEMENTATIONS = YES;
				CLANG_WARN_DIRECT_OBJC_ISA_USAGE = YES_ERROR;
				CLANG_WARN_DOCUMENTATION_COMMENTS = YES;
				CLANG_WARN_EMPTY_BODY = YES;
				CLANG_WARN_ENUM_CONVERSION = YES;
				CLANG_WARN_INFINITE_RECURSION = YES;
				CLANG_WARN_INT_CONVERSION = YES;
				CLANG_WARN_NON_LITERAL_NULL_CONVERSION = YES;
				CLANG_WARN_OBJC_IMPLICIT_RETAIN_SELF = YES;
				CLANG_WARN_OBJC_LITERAL_CONVERSION = YES;
				CLANG_WARN_OBJC_ROOT_CLASS = YES_ERROR;
				CLANG_WARN_RANGE_LOOP_ANALYSIS = YES;
				CLANG_WARN_STRICT_PROTOTYPES = YES;
				CLANG_WARN_SUSPICIOUS_MOVE = YES;
				CLANG_WARN_UNGUARDED_AVAILABILITY = YES_AGGRESSIVE;
				CLANG_WARN_UNREACHABLE_CODE = YES;
				CLANG_WARN__DUPLICATE_METHOD_MATCH = YES;
				CODE_SIGN_IDENTITY = "iPhone Developer";
				COPY_PHASE_STRIP = NO;
				DEBUG_INFORMATION_FORMAT = dwarf;
				ENABLE_STRICT_OBJC_MSGSEND = YES;
				ENABLE_TESTABILITY = YES;
				GCC_C_LANGUAGE_STANDARD = gnu11;
				GCC_DYNAMIC_NO_PIC = NO;
				GCC_NO_COMMON_BLOCKS = YES;
				GCC_OPTIMIZATION_LEVEL = 0;
				GCC_PREPROCESSOR_DEFINITIONS = (
					"DEBUG=1",
					"$(inherited)",
				);
				GCC_WARN_64_TO_32_BIT_CONVERSION = YES;
				GCC_WARN_ABOUT_RETURN_TYPE = YES_ERROR;
				GCC_WARN_UNDECLARED_SELECTOR = YES;
				GCC_WARN_UNINITIALIZED_AUTOS = YES_AGGRESSIVE;
				GCC_WARN_UNUSED_FUNCTION = YES;
				GCC_WARN_UNUSED_VARIABLE = YES;
				IPHONEOS_DEPLOYMENT_TARGET = 12.2;
				MTL_ENABLE_DEBUG_INFO = INCLUDE_SOURCE;
				MTL_FAST_MATH = YES;
				ONLY_ACTIVE_ARCH = YES;
				SDKROOT = iphoneos;
				SWIFT_ACTIVE_COMPILATION_CONDITIONS = DEBUG;
				SWIFT_OPTIMIZATION_LEVEL = "-Onone";
			};
			name = Debug;
		};
		8930380F226793F100303EF9 /* Release */ = {
			isa = XCBuildConfiguration;
			buildSettings = {
				ALWAYS_SEARCH_USER_PATHS = NO;
				CLANG_ANALYZER_NONNULL = YES;
				CLANG_ANALYZER_NUMBER_OBJECT_CONVERSION = YES_AGGRESSIVE;
				CLANG_CXX_LANGUAGE_STANDARD = "gnu++14";
				CLANG_CXX_LIBRARY = "libc++";
				CLANG_ENABLE_MODULES = YES;
				CLANG_ENABLE_OBJC_ARC = YES;
				CLANG_ENABLE_OBJC_WEAK = YES;
				CLANG_WARN_BLOCK_CAPTURE_AUTORELEASING = YES;
				CLANG_WARN_BOOL_CONVERSION = YES;
				CLANG_WARN_COMMA = YES;
				CLANG_WARN_CONSTANT_CONVERSION = YES;
				CLANG_WARN_DEPRECATED_OBJC_IMPLEMENTATIONS = YES;
				CLANG_WARN_DIRECT_OBJC_ISA_USAGE = YES_ERROR;
				CLANG_WARN_DOCUMENTATION_COMMENTS = YES;
				CLANG_WARN_EMPTY_BODY = YES;
				CLANG_WARN_ENUM_CONVERSION = YES;
				CLANG_WARN_INFINITE_RECURSION = YES;
				CLANG_WARN_INT_CONVERSION = YES;
				CLANG_WARN_NON_LITERAL_NULL_CONVERSION = YES;
				CLANG_WARN_OBJC_IMPLICIT_RETAIN_SELF = YES;
				CLANG_WARN_OBJC_LITERAL_CONVERSION = YES;
				CLANG_WARN_OBJC_ROOT_CLASS = YES_ERROR;
				CLANG_WARN_RANGE_LOOP_ANALYSIS = YES;
				CLANG_WARN_STRICT_PROTOTYPES = YES;
				CLANG_WARN_SUSPICIOUS_MOVE = YES;
				CLANG_WARN_UNGUARDED_AVAILABILITY = YES_AGGRESSIVE;
				CLANG_WARN_UNREACHABLE_CODE = YES;
				CLANG_WARN__DUPLICATE_METHOD_MATCH = YES;
				CODE_SIGN_IDENTITY = "iPhone Developer";
				COPY_PHASE_STRIP = NO;
				DEBUG_INFORMATION_FORMAT = "dwarf-with-dsym";
				ENABLE_NS_ASSERTIONS = NO;
				ENABLE_STRICT_OBJC_MSGSEND = YES;
				GCC_C_LANGUAGE_STANDARD = gnu11;
				GCC_NO_COMMON_BLOCKS = YES;
				GCC_WARN_64_TO_32_BIT_CONVERSION = YES;
				GCC_WARN_ABOUT_RETURN_TYPE = YES_ERROR;
				GCC_WARN_UNDECLARED_SELECTOR = YES;
				GCC_WARN_UNINITIALIZED_AUTOS = YES_AGGRESSIVE;
				GCC_WARN_UNUSED_FUNCTION = YES;
				GCC_WARN_UNUSED_VARIABLE = YES;
				IPHONEOS_DEPLOYMENT_TARGET = 12.2;
				MTL_ENABLE_DEBUG_INFO = NO;
				MTL_FAST_MATH = YES;
				SDKROOT = iphoneos;
				SWIFT_COMPILATION_MODE = wholemodule;
				SWIFT_OPTIMIZATION_LEVEL = "-O";
				VALIDATE_PRODUCT = YES;
			};
			name = Release;
		};
		89303811226793F100303EF9 /* Debug */ = {
			isa = XCBuildConfiguration;
			baseConfigurationReference = 13D821DD5CBE126B4C5EA609 /* Pods-Testing2.debug.xcconfig */;
			buildSettings = {
				ASSETCATALOG_COMPILER_APPICON_NAME = AppIcon;
				CODE_SIGN_STYLE = Automatic;
				DEVELOPMENT_TEAM = 3U2RYAR5C3;
				INFOPLIST_FILE = Testing2/Info.plist;
				LD_RUNPATH_SEARCH_PATHS = (
					"$(inherited)",
					"@executable_path/Frameworks",
				);
				PRODUCT_BUNDLE_IDENTIFIER = mycom.Testing2;
				PRODUCT_NAME = "$(TARGET_NAME)";
				SWIFT_VERSION = 5.0;
				TARGETED_DEVICE_FAMILY = "1,2";
			};
			name = Debug;
		};
		89303812226793F100303EF9 /* Release */ = {
			isa = XCBuildConfiguration;
			baseConfigurationReference = E5AD655DB6033A44BDB3EFCE /* Pods-Testing2.release.xcconfig */;
			buildSettings = {
				ASSETCATALOG_COMPILER_APPICON_NAME = AppIcon;
				CODE_SIGN_STYLE = Automatic;
				DEVELOPMENT_TEAM = 3U2RYAR5C3;
				INFOPLIST_FILE = Testing2/Info.plist;
				LD_RUNPATH_SEARCH_PATHS = (
					"$(inherited)",
					"@executable_path/Frameworks",
				);
				PRODUCT_BUNDLE_IDENTIFIER = mycom.Testing2;
				PRODUCT_NAME = "$(TARGET_NAME)";
				SWIFT_VERSION = 5.0;
				TARGETED_DEVICE_FAMILY = "1,2";
			};
			name = Release;
		};
/* End XCBuildConfiguration section */

/* Begin XCConfigurationList section */
		893037F9226793F000303EF9 /* Build configuration list for PBXProject "Testing2" */ = {
			isa = XCConfigurationList;
			buildConfigurations = (
				8930380E226793F100303EF9 /* Debug */,
				8930380F226793F100303EF9 /* Release */,
			);
			defaultConfigurationIsVisible = 0;
			defaultConfigurationName = Release;
		};
		89303810226793F100303EF9 /* Build configuration list for PBXNativeTarget "Testing2" */ = {
			isa = XCConfigurationList;
			buildConfigurations = (
				89303811226793F100303EF9 /* Debug */,
				89303812226793F100303EF9 /* Release */,
			);
			defaultConfigurationIsVisible = 0;
			defaultConfigurationName = Release;
		};
/* End XCConfigurationList section */
	};
	rootObject = 893037F6226793F000303EF9 /* Project object */;
}
